// !$*UTF8*$!
{
	archiveVersion = 1;
	classes = {
	};
	objectVersion = 77;
	objects = {

/* Begin PBXBuildFile section */
		6326A46F2F4BBFE1008B03A8 /* GoogleMobileAds in Frameworks */ = {isa = PBXBuildFile; productRef = 6326A46E2F4BBFE1008B03A8 /* GoogleMobileAds */; };
		63E433E52F4A697500DF5687 /* FirebaseAI in Frameworks */ = {isa = PBXBuildFile; productRef = 63E433E42F4A697500DF5687 /* FirebaseAI */; };
		63E433E72F4A697500DF5687 /* FirebaseAILogic in Frameworks */ = {isa = PBXBuildFile; productRef = 63E433E62F4A697500DF5687 /* FirebaseAILogic */; };
		63E433E92F4A697500DF5687 /* FirebaseAnalytics in Frameworks */ = {isa = PBXBuildFile; productRef = 63E433E82F4A697500DF5687 /* FirebaseAnalytics */; };
		63E433EB2F4A697500DF5687 /* FirebaseAnalyticsCore in Frameworks */ = {isa = PBXBuildFile; productRef = 63E433EA2F4A697500DF5687 /* FirebaseAnalyticsCore */; };
		63E433ED2F4A697500DF5687 /* FirebaseAnalyticsIdentitySupport in Frameworks */ = {isa = PBXBuildFile; productRef = 63E433EC2F4A697500DF5687 /* FirebaseAnalyticsIdentitySupport */; };
		63E433EF2F4A697500DF5687 /* FirebaseAppCheck in Frameworks */ = {isa = PBXBuildFile; productRef = 63E433EE2F4A697500DF5687 /* FirebaseAppCheck */; };
		63E433F12F4A697500DF5687 /* FirebaseAppDistribution-Beta in Frameworks */ = {isa = PBXBuildFile; productRef = 63E433F02F4A697500DF5687 /* FirebaseAppDistribution-Beta */; };
		63E433F32F4A697500DF5687 /* FirebaseAuth in Frameworks */ = {isa = PBXBuildFile; productRef = 63E433F22F4A697500DF5687 /* FirebaseAuth */; };
		63E433F52F4A697500DF5687 /* FirebaseAuthCombine-Community in Frameworks */ = {isa = PBXBuildFile; productRef = 63E433F42F4A697500DF5687 /* FirebaseAuthCombine-Community */; };
		63E433F72F4A697500DF5687 /* FirebaseCore in Frameworks */ = {isa = PBXBuildFile; productRef = 63E433F62F4A697500DF5687 /* FirebaseCore */; };
		63E433F92F4A697500DF5687 /* FirebaseCrashlytics in Frameworks */ = {isa = PBXBuildFile; productRef = 63E433F82F4A697500DF5687 /* FirebaseCrashlytics */; };
		63E433FB2F4A697500DF5687 /* FirebaseDatabase in Frameworks */ = {isa = PBXBuildFile; productRef = 63E433FA2F4A697500DF5687 /* FirebaseDatabase */; };
		63E433FD2F4A697500DF5687 /* FirebaseFirestore in Frameworks */ = {isa = PBXBuildFile; productRef = 63E433FC2F4A697500DF5687 /* FirebaseFirestore */; };
		63E433FF2F4A697500DF5687 /* FirebaseFirestoreCombine-Community in Frameworks */ = {isa = PBXBuildFile; productRef = 63E433FE2F4A697500DF5687 /* FirebaseFirestoreCombine-Community */; };
		63E434012F4A697500DF5687 /* FirebaseFunctions in Frameworks */ = {isa = PBXBuildFile; productRef = 63E434002F4A697500DF5687 /* FirebaseFunctions */; };
		63E434032F4A697500DF5687 /* FirebaseFunctionsCombine-Community in Frameworks */ = {isa = PBXBuildFile; productRef = 63E434022F4A697500DF5687 /* FirebaseFunctionsCombine-Community */; };
		63E434052F4A697500DF5687 /* FirebaseInAppMessaging-Beta in Frameworks */ = {isa = PBXBuildFile; productRef = 63E434042F4A697500DF5687 /* FirebaseInAppMessaging-Beta */; };
		63E434072F4A697500DF5687 /* FirebaseInstallations in Frameworks */ = {isa = PBXBuildFile; productRef = 63E434062F4A697500DF5687 /* FirebaseInstallations */; };
		63E434092F4A697500DF5687 /* FirebaseMLModelDownloader in Frameworks */ = {isa = PBXBuildFile; productRef = 63E434082F4A697500DF5687 /* FirebaseMLModelDownloader */; };
		63E4340B2F4A697500DF5687 /* FirebaseMessaging in Frameworks */ = {isa = PBXBuildFile; productRef = 63E4340A2F4A697500DF5687 /* FirebaseMessaging */; };
		63E4340D2F4A697500DF5687 /* FirebasePerformance in Frameworks */ = {isa = PBXBuildFile; productRef = 63E4340C2F4A697500DF5687 /* FirebasePerformance */; };
		63E4340F2F4A697500DF5687 /* FirebaseRemoteConfig in Frameworks */ = {isa = PBXBuildFile; productRef = 63E4340E2F4A697500DF5687 /* FirebaseRemoteConfig */; };
		63E434112F4A697500DF5687 /* FirebaseStorage in Frameworks */ = {isa = PBXBuildFile; productRef = 63E434102F4A697500DF5687 /* FirebaseStorage */; };
		63E434132F4A697500DF5687 /* FirebaseStorageCombine-Community in Frameworks */ = {isa = PBXBuildFile; productRef = 63E434122F4A697500DF5687 /* FirebaseStorageCombine-Community */; };
		63E4F8EF2F4D23C600FF7DD8 /* GoogleSignIn in Frameworks */ = {isa = PBXBuildFile; productRef = 63E4F8EE2F4D23C600FF7DD8 /* GoogleSignIn */; };
		63E4F8F12F4D23C600FF7DD8 /* GoogleSignInSwift in Frameworks */ = {isa = PBXBuildFile; productRef = 63E4F8F02F4D23C600FF7DD8 /* GoogleSignInSwift */; };
/* End PBXBuildFile section */

/* Begin PBXContainerItemProxy section */
		633A6A632F43B6D5000C732E /* PBXContainerItemProxy */ = {
			isa = PBXContainerItemProxy;
			containerPortal = 633A6A4D2F43B6D3000C732E /* Project object */;
			proxyType = 1;
			remoteGlobalIDString = 633A6A542F43B6D3000C732E;
			remoteInfo = quantura_ios;
		};
		633A6A6D2F43B6D5000C732E /* PBXContainerItemProxy */ = {
			isa = PBXContainerItemProxy;
			containerPortal = 633A6A4D2F43B6D3000C732E /* Project object */;
			proxyType = 1;
			remoteGlobalIDString = 633A6A542F43B6D3000C732E;
			remoteInfo = quantura_ios;
		};
/* End PBXContainerItemProxy section */

/* Begin PBXFileReference section */
		633A6A552F43B6D3000C732E /* quantura_ios.app */ = {isa = PBXFileReference; explicitFileType = wrapper.application; includeInIndex = 0; path = quantura_ios.app; sourceTree = BUILT_PRODUCTS_DIR; };
		633A6A622F43B6D5000C732E /* quantura_iosTests.xctest */ = {isa = PBXFileReference; explicitFileType = wrapper.cfbundle; includeInIndex = 0; path = quantura_iosTests.xctest; sourceTree = BUILT_PRODUCTS_DIR; };
		633A6A6C2F43B6D5000C732E /* quantura_iosUITests.xctest */ = {isa = PBXFileReference; explicitFileType = wrapper.cfbundle; includeInIndex = 0; path = quantura_iosUITests.xctest; sourceTree = BUILT_PRODUCTS_DIR; };
/* End PBXFileReference section */

/* Begin PBXFileSystemSynchronizedRootGroup section */
		633A6A572F43B6D3000C732E /* quantura_ios */ = {
			isa = PBXFileSystemSynchronizedRootGroup;
			path = quantura_ios;
			sourceTree = "<group>";
		};
		633A6A652F43B6D5000C732E /* quantura_iosTests */ = {
			isa = PBXFileSystemSynchronizedRootGroup;
			path = quantura_iosTests;
			sourceTree = "<group>";
		};
		633A6A6F2F43B6D5000C732E /* quantura_iosUITests */ = {
			isa = PBXFileSystemSynchronizedRootGroup;
			path = quantura_iosUITests;
			sourceTree = "<group>";
		};
/* End PBXFileSystemSynchronizedRootGroup section */

/* Begin PBXFrameworksBuildPhase section */
		633A6A522F43B6D3000C732E /* Frameworks */ = {
			isa = PBXFrameworksBuildPhase;
			buildActionMask = 2147483647;
			files = (
				63E433F12F4A697500DF5687 /* FirebaseAppDistribution-Beta in Frameworks */,
				63E433FD2F4A697500DF5687 /* FirebaseFirestore in Frameworks */,
				63E433F52F4A697500DF5687 /* FirebaseAuthCombine-Community in Frameworks */,
				63E4F8EF2F4D23C600FF7DD8 /* GoogleSignIn in Frameworks */,
				63E434072F4A697500DF5687 /* FirebaseInstallations in Frameworks */,
				63E433E72F4A697500DF5687 /* FirebaseAILogic in Frameworks */,
				63E433ED2F4A697500DF5687 /* FirebaseAnalyticsIdentitySupport in Frameworks */,
				63E434052F4A697500DF5687 /* FirebaseInAppMessaging-Beta in Frameworks */,
				63E433E52F4A697500DF5687 /* FirebaseAI in Frameworks */,
				63E4F8F12F4D23C600FF7DD8 /* GoogleSignInSwift in Frameworks */,
				63E433F92F4A697500DF5687 /* FirebaseCrashlytics in Frameworks */,
				63E434032F4A697500DF5687 /* FirebaseFunctionsCombine-Community in Frameworks */,
				63E434132F4A697500DF5687 /* FirebaseStorageCombine-Community in Frameworks */,
				63E433FB2F4A697500DF5687 /* FirebaseDatabase in Frameworks */,
				63E434112F4A697500DF5687 /* FirebaseStorage in Frameworks */,
				63E4340F2F4A697500DF5687 /* FirebaseRemoteConfig in Frameworks */,
				63E433E92F4A697500DF5687 /* FirebaseAnalytics in Frameworks */,
				63E4340B2F4A697500DF5687 /* FirebaseMessaging in Frameworks */,
				63E434092F4A697500DF5687 /* FirebaseMLModelDownloader in Frameworks */,
				6326A46F2F4BBFE1008B03A8 /* GoogleMobileAds in Frameworks */,
				63E4340D2F4A697500DF5687 /* FirebasePerformance in Frameworks */,
				63E433F72F4A697500DF5687 /* FirebaseCore in Frameworks */,
				63E433EF2F4A697500DF5687 /* FirebaseAppCheck in Frameworks */,
				63E433EB2F4A697500DF5687 /* FirebaseAnalyticsCore in Frameworks */,
				63E434012F4A697500DF5687 /* FirebaseFunctions in Frameworks */,
				63E433F32F4A697500DF5687 /* FirebaseAuth in Frameworks */,
				63E433FF2F4A697500DF5687 /* FirebaseFirestoreCombine-Community in Frameworks */,
			);
			runOnlyForDeploymentPostprocessing = 0;
		};
		633A6A5F2F43B6D5000C732E /* Frameworks */ = {
			isa = PBXFrameworksBuildPhase;
			buildActionMask = 2147483647;
			files = (
			);
			runOnlyForDeploymentPostprocessing = 0;
		};
		633A6A692F43B6D5000C732E /* Frameworks */ = {
			isa = PBXFrameworksBuildPhase;
			buildActionMask = 2147483647;
			files = (
			);
			runOnlyForDeploymentPostprocessing = 0;
		};
/* End PBXFrameworksBuildPhase section */

/* Begin PBXGroup section */
		633A6A4C2F43B6D3000C732E = {
			isa = PBXGroup;
			children = (
				633A6A572F43B6D3000C732E /* quantura_ios */,
				633A6A652F43B6D5000C732E /* quantura_iosTests */,
				633A6A6F2F43B6D5000C732E /* quantura_iosUITests */,
				633A6A562F43B6D3000C732E /* Products */,
			);
			sourceTree = "<group>";
		};
		633A6A562F43B6D3000C732E /* Products */ = {
			isa = PBXGroup;
			children = (
				633A6A552F43B6D3000C732E /* quantura_ios.app */,
				633A6A622F43B6D5000C732E /* quantura_iosTests.xctest */,
				633A6A6C2F43B6D5000C732E /* quantura_iosUITests.xctest */,
			);
			name = Products;
			sourceTree = "<group>";
		};
/* End PBXGroup section */

/* Begin PBXNativeTarget section */
		633A6A542F43B6D3000C732E /* quantura_ios */ = {
			isa = PBXNativeTarget;
			buildConfigurationList = 633A6A762F43B6D5000C732E /* Build configuration list for PBXNativeTarget "quantura_ios" */;
			buildPhases = (
				633A6A512F43B6D3000C732E /* Sources */,
				633A6A522F43B6D3000C732E /* Frameworks */,
				633A6A532F43B6D3000C732E /* Resources */,
			);
			buildRules = (
			);
			dependencies = (
			);
			fileSystemSynchronizedGroups = (
				633A6A572F43B6D3000C732E /* quantura_ios */,
			);
			name = quantura_ios;
			packageProductDependencies = (
				63E433E42F4A697500DF5687 /* FirebaseAI */,
				63E433E62F4A697500DF5687 /* FirebaseAILogic */,
				63E433E82F4A697500DF5687 /* FirebaseAnalytics */,
				63E433EA2F4A697500DF5687 /* FirebaseAnalyticsCore */,
				63E433EC2F4A697500DF5687 /* FirebaseAnalyticsIdentitySupport */,
				63E433EE2F4A697500DF5687 /* FirebaseAppCheck */,
				63E433F02F4A697500DF5687 /* FirebaseAppDistribution-Beta */,
				63E433F22F4A697500DF5687 /* FirebaseAuth */,
				63E433F42F4A697500DF5687 /* FirebaseAuthCombine-Community */,
				63E433F62F4A697500DF5687 /* FirebaseCore */,
				63E433F82F4A697500DF5687 /* FirebaseCrashlytics */,
				63E433FA2F4A697500DF5687 /* FirebaseDatabase */,
				63E433FC2F4A697500DF5687 /* FirebaseFirestore */,
				63E433FE2F4A697500DF5687 /* FirebaseFirestoreCombine-Community */,
				63E434002F4A697500DF5687 /* FirebaseFunctions */,
				63E434022F4A697500DF5687 /* FirebaseFunctionsCombine-Community */,
				63E434042F4A697500DF5687 /* FirebaseInAppMessaging-Beta */,
				63E434062F4A697500DF5687 /* FirebaseInstallations */,
				63E434082F4A697500DF5687 /* FirebaseMLModelDownloader */,
				63E4340A2F4A697500DF5687 /* FirebaseMessaging */,
				63E4340C2F4A697500DF5687 /* FirebasePerformance */,
				63E4340E2F4A697500DF5687 /* FirebaseRemoteConfig */,
				63E434102F4A697500DF5687 /* FirebaseStorage */,
				63E434122F4A697500DF5687 /* FirebaseStorageCombine-Community */,
				6326A46E2F4BBFE1008B03A8 /* GoogleMobileAds */,
				63E4F8EE2F4D23C600FF7DD8 /* GoogleSignIn */,
				63E4F8F02F4D23C600FF7DD8 /* GoogleSignInSwift */,
			);
			productName = quantura_ios;
			productReference = 633A6A552F43B6D3000C732E /* quantura_ios.app */;
			productType = "com.apple.product-type.application";
		};
		633A6A612F43B6D5000C732E /* quantura_iosTests */ = {
			isa = PBXNativeTarget;
			buildConfigurationList = 633A6A792F43B6D5000C732E /* Build configuration list for PBXNativeTarget "quantura_iosTests" */;
			buildPhases = (
				633A6A5E2F43B6D5000C732E /* Sources */,
				633A6A5F2F43B6D5000C732E /* Frameworks */,
				633A6A602F43B6D5000C732E /* Resources */,
			);
			buildRules = (
			);
			dependencies = (
				633A6A642F43B6D5000C732E /* PBXTargetDependency */,
			);
			fileSystemSynchronizedGroups = (
				633A6A652F43B6D5000C732E /* quantura_iosTests */,
			);
			name = quantura_iosTests;
			packageProductDependencies = (
			);
			productName = quantura_iosTests;
			productReference = 633A6A622F43B6D5000C732E /* quantura_iosTests.xctest */;
			productType = "com.apple.product-type.bundle.unit-test";
		};
		633A6A6B2F43B6D5000C732E /* quantura_iosUITests */ = {
			isa = PBXNativeTarget;
			buildConfigurationList = 633A6A7C2F43B6D5000C732E /* Build configuration list for PBXNativeTarget "quantura_iosUITests" */;
			buildPhases = (
				633A6A682F43B6D5000C732E /* Sources */,
				633A6A692F43B6D5000C732E /* Frameworks */,
				633A6A6A2F43B6D5000C732E /* Resources */,
			);
			buildRules = (
			);
			dependencies = (
				633A6A6E2F43B6D5000C732E /* PBXTargetDependency */,
			);
			fileSystemSynchronizedGroups = (
				633A6A6F2F43B6D5000C732E /* quantura_iosUITests */,
			);
			name = quantura_iosUITests;
			packageProductDependencies = (
			);
			productName = quantura_iosUITests;
			productReference = 633A6A6C2F43B6D5000C732E /* quantura_iosUITests.xctest */;
			productType = "com.apple.product-type.bundle.ui-testing";
		};
/* End PBXNativeTarget section */

/* Begin PBXProject section */
		633A6A4D2F43B6D3000C732E /* Project object */ = {
			isa = PBXProject;
			attributes = {
				BuildIndependentTargetsInParallel = 1;
				LastSwiftUpdateCheck = 2620;
				LastUpgradeCheck = 2620;
				TargetAttributes = {
					633A6A542F43B6D3000C732E = {
						CreatedOnToolsVersion = 26.2;
					};
					633A6A612F43B6D5000C732E = {
						CreatedOnToolsVersion = 26.2;
						TestTargetID = 633A6A542F43B6D3000C732E;
					};
					633A6A6B2F43B6D5000C732E = {
						CreatedOnToolsVersion = 26.2;
						TestTargetID = 633A6A542F43B6D3000C732E;
					};
				};
			};
			buildConfigurationList = 633A6A502F43B6D3000C732E /* Build configuration list for PBXProject "quantura_ios" */;
			developmentRegion = en;
			hasScannedForEncodings = 0;
			knownRegions = (
				en,
				Base,
			);
			mainGroup = 633A6A4C2F43B6D3000C732E;
			minimizedProjectReferenceProxies = 1;
			packageReferences = (
				63E433E32F4A697500DF5687 /* XCRemoteSwiftPackageReference "firebase-ios-sdk" */,
				6326A46D2F4BBFE1008B03A8 /* XCRemoteSwiftPackageReference "swift-package-manager-google-mobile-ads" */,
				63E4F8ED2F4D23C600FF7DD8 /* XCRemoteSwiftPackageReference "GoogleSignIn-iOS" */,
			);
			preferredProjectObjectVersion = 77;
			productRefGroup = 633A6A562F43B6D3000C732E /* Products */;
			projectDirPath = "";
			projectRoot = "";
			targets = (
				633A6A542F43B6D3000C732E /* quantura_ios */,
				633A6A612F43B6D5000C732E /* quantura_iosTests */,
				633A6A6B2F43B6D5000C732E /* quantura_iosUITests */,
			);
		};
/* End PBXProject section */

/* Begin PBXResourcesBuildPhase section */
		633A6A532F43B6D3000C732E /* Resources */ = {
			isa = PBXResourcesBuildPhase;
			buildActionMask = 2147483647;
			files = (
			);
			runOnlyForDeploymentPostprocessing = 0;
		};
		633A6A602F43B6D5000C732E /* Resources */ = {
			isa = PBXResourcesBuildPhase;
			buildActionMask = 2147483647;
			files = (
			);
			runOnlyForDeploymentPostprocessing = 0;
		};
		633A6A6A2F43B6D5000C732E /* Resources */ = {
			isa = PBXResourcesBuildPhase;
			buildActionMask = 2147483647;
			files = (
			);
			runOnlyForDeploymentPostprocessing = 0;
		};
/* End PBXResourcesBuildPhase section */

/* Begin PBXSourcesBuildPhase section */
		633A6A512F43B6D3000C732E /* Sources */ = {
			isa = PBXSourcesBuildPhase;
			buildActionMask = 2147483647;
			files = (
			);
			runOnlyForDeploymentPostprocessing = 0;
		};
		633A6A5E2F43B6D5000C732E /* Sources */ = {
			isa = PBXSourcesBuildPhase;
			buildActionMask = 2147483647;
			files = (
			);
			runOnlyForDeploymentPostprocessing = 0;
		};
		633A6A682F43B6D5000C732E /* Sources */ = {
			isa = PBXSourcesBuildPhase;
			buildActionMask = 2147483647;
			files = (
			);
			runOnlyForDeploymentPostprocessing = 0;
		};
/* End PBXSourcesBuildPhase section */

/* Begin PBXTargetDependency section */
		633A6A642F43B6D5000C732E /* PBXTargetDependency */ = {
			isa = PBXTargetDependency;
			target = 633A6A542F43B6D3000C732E /* quantura_ios */;
			targetProxy = 633A6A632F43B6D5000C732E /* PBXContainerItemProxy */;
		};
		633A6A6E2F43B6D5000C732E /* PBXTargetDependency */ = {
			isa = PBXTargetDependency;
			target = 633A6A542F43B6D3000C732E /* quantura_ios */;
			targetProxy = 633A6A6D2F43B6D5000C732E /* PBXContainerItemProxy */;
		};
/* End PBXTargetDependency section */

/* Begin XCBuildConfiguration section */
		633A6A742F43B6D5000C732E /* Debug */ = {
			isa = XCBuildConfiguration;
			buildSettings = {
				ALWAYS_SEARCH_USER_PATHS = NO;
				ASSETCATALOG_COMPILER_GENERATE_SWIFT_ASSET_SYMBOL_EXTENSIONS = YES;
				CLANG_ANALYZER_NONNULL = YES;
				CLANG_ANALYZER_NUMBER_OBJECT_CONVERSION = YES_AGGRESSIVE;
				CLANG_CXX_LANGUAGE_STANDARD = "gnu++20";
				CLANG_ENABLE_MODULES = YES;
				CLANG_ENABLE_OBJC_ARC = YES;
				CLANG_ENABLE_OBJC_WEAK = YES;
				CLANG_WARN_BLOCK_CAPTURE_AUTORELEASING = YES;
				CLANG_WARN_BOOL_CONVERSION = YES;
				CLANG_WARN_COMMA = YES;
				CLANG_WARN_CONSTANT_CONVERSION = YES;
				CLANG_WARN_DEPRECATED_OBJC_IMPLEMENTATIONS = YES;
				CLANG_WARN_DIRECT_OBJC_ISA_USAGE = YES_ERROR;
				CLANG_WARN_DOCUMENTATION_COMMENTS = YES;
				CLANG_WARN_EMPTY_BODY = YES;
				CLANG_WARN_ENUM_CONVERSION = YES;
				CLANG_WARN_INFINITE_RECURSION = YES;
				CLANG_WARN_INT_CONVERSION = YES;
				CLANG_WARN_NON_LITERAL_NULL_CONVERSION = YES;
				CLANG_WARN_OBJC_IMPLICIT_RETAIN_SELF = YES;
				CLANG_WARN_OBJC_LITERAL_CONVERSION = YES;
				CLANG_WARN_OBJC_ROOT_CLASS = YES_ERROR;
				CLANG_WARN_QUOTED_INCLUDE_IN_FRAMEWORK_HEADER = YES;
				CLANG_WARN_RANGE_LOOP_ANALYSIS = YES;
				CLANG_WARN_STRICT_PROTOTYPES = YES;
				CLANG_WARN_SUSPICIOUS_MOVE = YES;
				CLANG_WARN_UNGUARDED_AVAILABILITY = YES_AGGRESSIVE;
				CLANG_WARN_UNREACHABLE_CODE = YES;
				CLANG_WARN__DUPLICATE_METHOD_MATCH = YES;
				COPY_PHASE_STRIP = NO;
				DEBUG_INFORMATION_FORMAT = dwarf;
				DEVELOPMENT_TEAM = UM38R5AP4F;
				ENABLE_STRICT_OBJC_MSGSEND = YES;
				ENABLE_TESTABILITY = YES;
				ENABLE_USER_SCRIPT_SANDBOXING = YES;
				GCC_C_LANGUAGE_STANDARD = gnu17;
				GCC_DYNAMIC_NO_PIC = NO;
				GCC_NO_COMMON_BLOCKS = YES;
				GCC_OPTIMIZATION_LEVEL = 0;
				GCC_PREPROCESSOR_DEFINITIONS = (
					"DEBUG=1",
					"$(inherited)",
				);
				GCC_WARN_64_TO_32_BIT_CONVERSION = YES;
				GCC_WARN_ABOUT_RETURN_TYPE = YES_ERROR;
				GCC_WARN_UNDECLARED_SELECTOR = YES;
				GCC_WARN_UNINITIALIZED_AUTOS = YES_AGGRESSIVE;
				GCC_WARN_UNUSED_FUNCTION = YES;
				GCC_WARN_UNUSED_VARIABLE = YES;
				LOCALIZATION_PREFERS_STRING_CATALOGS = YES;
				MTL_ENABLE_DEBUG_INFO = INCLUDE_SOURCE;
				MTL_FAST_MATH = YES;
				ONLY_ACTIVE_ARCH = YES;
				SWIFT_ACTIVE_COMPILATION_CONDITIONS = "DEBUG $(inherited)";
				SWIFT_OPTIMIZATION_LEVEL = "-Onone";
			};
			name = Debug;
		};
		633A6A752F43B6D5000C732E /* Release */ = {
			isa = XCBuildConfiguration;
			buildSettings = {
				ALWAYS_SEARCH_USER_PATHS = NO;
				ASSETCATALOG_COMPILER_GENERATE_SWIFT_ASSET_SYMBOL_EXTENSIONS = YES;
				CLANG_ANALYZER_NONNULL = YES;
				CLANG_ANALYZER_NUMBER_OBJECT_CONVERSION = YES_AGGRESSIVE;
				CLANG_CXX_LANGUAGE_STANDARD = "gnu++20";
				CLANG_ENABLE_MODULES = YES;
				CLANG_ENABLE_OBJC_ARC = YES;
				CLANG_ENABLE_OBJC_WEAK = YES;
				CLANG_WARN_BLOCK_CAPTURE_AUTORELEASING = YES;
				CLANG_WARN_BOOL_CONVERSION = YES;
				CLANG_WARN_COMMA = YES;
				CLANG_WARN_CONSTANT_CONVERSION = YES;
				CLANG_WARN_DEPRECATED_OBJC_IMPLEMENTATIONS = YES;
				CLANG_WARN_DIRECT_OBJC_ISA_USAGE = YES_ERROR;
				CLANG_WARN_DOCUMENTATION_COMMENTS = YES;
				CLANG_WARN_EMPTY_BODY = YES;
				CLANG_WARN_ENUM_CONVERSION = YES;
				CLANG_WARN_INFINITE_RECURSION = YES;
				CLANG_WARN_INT_CONVERSION = YES;
				CLANG_WARN_NON_LITERAL_NULL_CONVERSION = YES;
				CLANG_WARN_OBJC_IMPLICIT_RETAIN_SELF = YES;
				CLANG_WARN_OBJC_LITERAL_CONVERSION = YES;
				CLANG_WARN_OBJC_ROOT_CLASS = YES_ERROR;
				CLANG_WARN_QUOTED_INCLUDE_IN_FRAMEWORK_HEADER = YES;
				CLANG_WARN_RANGE_LOOP_ANALYSIS = YES;
				CLANG_WARN_STRICT_PROTOTYPES = YES;
				CLANG_WARN_SUSPICIOUS_MOVE = YES;
				CLANG_WARN_UNGUARDED_AVAILABILITY = YES_AGGRESSIVE;
				CLANG_WARN_UNREACHABLE_CODE = YES;
				CLANG_WARN__DUPLICATE_METHOD_MATCH = YES;
				COPY_PHASE_STRIP = NO;
				DEBUG_INFORMATION_FORMAT = "dwarf-with-dsym";
				DEVELOPMENT_TEAM = UM38R5AP4F;
				ENABLE_NS_ASSERTIONS = NO;
				ENABLE_STRICT_OBJC_MSGSEND = YES;
				ENABLE_USER_SCRIPT_SANDBOXING = YES;
				GCC_C_LANGUAGE_STANDARD = gnu17;
				GCC_NO_COMMON_BLOCKS = YES;
				GCC_WARN_64_TO_32_BIT_CONVERSION = YES;
				GCC_WARN_ABOUT_RETURN_TYPE = YES_ERROR;
				GCC_WARN_UNDECLARED_SELECTOR = YES;
				GCC_WARN_UNINITIALIZED_AUTOS = YES_AGGRESSIVE;
				GCC_WARN_UNUSED_FUNCTION = YES;
				GCC_WARN_UNUSED_VARIABLE = YES;
				LOCALIZATION_PREFERS_STRING_CATALOGS = YES;
				MTL_ENABLE_DEBUG_INFO = NO;
				MTL_FAST_MATH = YES;
				SWIFT_COMPILATION_MODE = wholemodule;
			};
			name = Release;
		};
		633A6A772F43B6D5000C732E /* Debug */ = {
			isa = XCBuildConfiguration;
			buildSettings = {
				ASSETCATALOG_COMPILER_APPICON_NAME = AppIcon;
				ASSETCATALOG_COMPILER_GLOBAL_ACCENT_COLOR_NAME = AccentColor;
				ASSETCATALOG_COMPILER_INCLUDE_ALL_APPICON_ASSETS = YES;
				CODE_SIGN_STYLE = Automatic;
				CURRENT_PROJECT_VERSION = 1;
				DEVELOPMENT_TEAM = UM38R5AP4F;
				ENABLE_APP_SANDBOX = YES;
				ENABLE_HARDENED_RUNTIME = YES;
				ENABLE_PREVIEWS = YES;
				ENABLE_USER_SELECTED_FILES = readonly;
				GENERATE_INFOPLIST_FILE = YES;
				INFOPLIST_FILE = "quantura-ios-Info.plist";
				INFOPLIST_KEY_CFBundleDisplayName = "Quantura AI";
				INFOPLIST_KEY_LSApplicationCategoryType = "public.app-category.business";
				"INFOPLIST_KEY_UIApplicationSceneManifest_Generation[sdk=iphoneos*]" = YES;
				"INFOPLIST_KEY_UIApplicationSceneManifest_Generation[sdk=iphonesimulator*]" = YES;
				"INFOPLIST_KEY_UIApplicationSupportsIndirectInputEvents[sdk=iphoneos*]" = YES;
				"INFOPLIST_KEY_UIApplicationSupportsIndirectInputEvents[sdk=iphonesimulator*]" = YES;
				"INFOPLIST_KEY_UILaunchScreen_Generation[sdk=iphoneos*]" = YES;
				"INFOPLIST_KEY_UILaunchScreen_Generation[sdk=iphonesimulator*]" = YES;
				INFOPLIST_KEY_UILaunchStoryboardName = "";
				"INFOPLIST_KEY_UIStatusBarStyle[sdk=iphoneos*]" = UIStatusBarStyleDefault;
				"INFOPLIST_KEY_UIStatusBarStyle[sdk=iphonesimulator*]" = UIStatusBarStyleDefault;
				INFOPLIST_KEY_UISupportedInterfaceOrientations = "UIInterfaceOrientationLandscapeLeft UIInterfaceOrientationLandscapeRight UIInterfaceOrientationPortrait UIInterfaceOrientationPortraitUpsideDown";
				IPHONEOS_DEPLOYMENT_TARGET = 26.2;
				LD_RUNPATH_SEARCH_PATHS = "@executable_path/Frameworks";
				"LD_RUNPATH_SEARCH_PATHS[sdk=macosx*]" = "@executable_path/../Frameworks";
				MARKETING_VERSION = 1.0;
				PRODUCT_BUNDLE_IDENTIFIER = "Tamzid-Ullah.quantura-ios";
				PRODUCT_NAME = "$(TARGET_NAME)";
				REGISTER_APP_GROUPS = YES;
				SDKROOT = auto;
				STRING_CATALOG_GENERATE_SYMBOLS = YES;
				SUPPORTED_PLATFORMS = "iphoneos iphonesimulator";
				SWIFT_APPROACHABLE_CONCURRENCY = YES;
				SWIFT_DEFAULT_ACTOR_ISOLATION = MainActor;
				SWIFT_EMIT_LOC_STRINGS = YES;
				SWIFT_UPCOMING_FEATURE_MEMBER_IMPORT_VISIBILITY = YES;
				SWIFT_VERSION = 5.0;
				TARGETED_DEVICE_FAMILY = "1,2";
				XROS_DEPLOYMENT_TARGET = 26.2;
			};
			name = Debug;
		};
		633A6A782F43B6D5000C732E /* Release */ = {
			isa = XCBuildConfiguration;
			buildSettings = {
				ASSETCATALOG_COMPILER_APPICON_NAME = AppIcon;
				ASSETCATALOG_COMPILER_GLOBAL_ACCENT_COLOR_NAME = AccentColor;
				ASSETCATALOG_COMPILER_INCLUDE_ALL_APPICON_ASSETS = YES;
				CODE_SIGN_STYLE = Automatic;
				CURRENT_PROJECT_VERSION = 1;
				DEVELOPMENT_TEAM = UM38R5AP4F;
				ENABLE_APP_SANDBOX = YES;
				ENABLE_HARDENED_RUNTIME = YES;
				ENABLE_PREVIEWS = YES;
				ENABLE_USER_SELECTED_FILES = readonly;
				GENERATE_INFOPLIST_FILE = YES;
				INFOPLIST_FILE = "quantura-ios-Info.plist";
				INFOPLIST_KEY_CFBundleDisplayName = "Quantura AI";
				INFOPLIST_KEY_LSApplicationCategoryType = "public.app-category.business";
				"INFOPLIST_KEY_UIApplicationSceneManifest_Generation[sdk=iphoneos*]" = YES;
				"INFOPLIST_KEY_UIApplicationSceneManifest_Generation[sdk=iphonesimulator*]" = YES;
				"INFOPLIST_KEY_UIApplicationSupportsIndirectInputEvents[sdk=iphoneos*]" = YES;
				"INFOPLIST_KEY_UIApplicationSupportsIndirectInputEvents[sdk=iphonesimulator*]" = YES;
				"INFOPLIST_KEY_UILaunchScreen_Generation[sdk=iphoneos*]" = YES;
				"INFOPLIST_KEY_UILaunchScreen_Generation[sdk=iphonesimulator*]" = YES;
				INFOPLIST_KEY_UILaunchStoryboardName = "";
				"INFOPLIST_KEY_UIStatusBarStyle[sdk=iphoneos*]" = UIStatusBarStyleDefault;
				"INFOPLIST_KEY_UIStatusBarStyle[sdk=iphonesimulator*]" = UIStatusBarStyleDefault;
				INFOPLIST_KEY_UISupportedInterfaceOrientations = "UIInterfaceOrientationLandscapeLeft UIInterfaceOrientationLandscapeRight UIInterfaceOrientationPortrait UIInterfaceOrientationPortraitUpsideDown";
				IPHONEOS_DEPLOYMENT_TARGET = 26.2;
				"IPHONEOS_DEPLOYMENT_TARGET[sdk=iphoneos*]" = 18;
				LD_RUNPATH_SEARCH_PATHS = "@executable_path/Frameworks";
				"LD_RUNPATH_SEARCH_PATHS[sdk=macosx*]" = "@executable_path/../Frameworks";
				MARKETING_VERSION = 1.0;
				PRODUCT_BUNDLE_IDENTIFIER = "Tamzid-Ullah.quantura-ios";
				PRODUCT_NAME = "$(TARGET_NAME)";
				REGISTER_APP_GROUPS = YES;
				SDKROOT = auto;
				STRING_CATALOG_GENERATE_SYMBOLS = YES;
				SUPPORTED_PLATFORMS = "iphoneos iphonesimulator";
				SWIFT_APPROACHABLE_CONCURRENCY = YES;
				SWIFT_DEFAULT_ACTOR_ISOLATION = MainActor;
				SWIFT_EMIT_LOC_STRINGS = YES;
				SWIFT_UPCOMING_FEATURE_MEMBER_IMPORT_VISIBILITY = YES;
				SWIFT_VERSION = 5.0;
				TARGETED_DEVICE_FAMILY = "1,2";
				XROS_DEPLOYMENT_TARGET = 26.2;
			};
			name = Release;
		};
		633A6A7A2F43B6D5000C732E /* Debug */ = {
			isa = XCBuildConfiguration;
			buildSettings = {
				BUNDLE_LOADER = "$(TEST_HOST)";
				CODE_SIGN_STYLE = Automatic;
				CURRENT_PROJECT_VERSION = 1;
				DEVELOPMENT_TEAM = UM38R5AP4F;
				GENERATE_INFOPLIST_FILE = YES;
				IPHONEOS_DEPLOYMENT_TARGET = 26.2;
				MARKETING_VERSION = 1.0;
				PRODUCT_BUNDLE_IDENTIFIER = "Tamzid-Ullah.quantura-iosTests";
				PRODUCT_NAME = "$(TARGET_NAME)";
				SDKROOT = auto;
				STRING_CATALOG_GENERATE_SYMBOLS = NO;
				SUPPORTED_PLATFORMS = "iphoneos iphonesimulator";
				SWIFT_APPROACHABLE_CONCURRENCY = YES;
				SWIFT_EMIT_LOC_STRINGS = NO;
				SWIFT_UPCOMING_FEATURE_MEMBER_IMPORT_VISIBILITY = YES;
				SWIFT_VERSION = 5.0;
				TARGETED_DEVICE_FAMILY = "1,2";
				TEST_HOST = "$(BUILT_PRODUCTS_DIR)/quantura_ios.app/$(BUNDLE_EXECUTABLE_FOLDER_PATH)/quantura_ios";
				XROS_DEPLOYMENT_TARGET = 26.2;
			};
			name = Debug;
		};
		633A6A7B2F43B6D5000C732E /* Release */ = {
			isa = XCBuildConfiguration;
			buildSettings = {
				BUNDLE_LOADER = "$(TEST_HOST)";
				CODE_SIGN_STYLE = Automatic;
				CURRENT_PROJECT_VERSION = 1;
				DEVELOPMENT_TEAM = UM38R5AP4F;
				GENERATE_INFOPLIST_FILE = YES;
				IPHONEOS_DEPLOYMENT_TARGET = 26.2;
				MARKETING_VERSION = 1.0;
				PRODUCT_BUNDLE_IDENTIFIER = "Tamzid-Ullah.quantura-iosTests";
				PRODUCT_NAME = "$(TARGET_NAME)";
				SDKROOT = auto;
				STRING_CATALOG_GENERATE_SYMBOLS = NO;
				SUPPORTED_PLATFORMS = "iphoneos iphonesimulator";
				SWIFT_APPROACHABLE_CONCURRENCY = YES;
				SWIFT_EMIT_LOC_STRINGS = NO;
				SWIFT_UPCOMING_FEATURE_MEMBER_IMPORT_VISIBILITY = YES;
				SWIFT_VERSION = 5.0;
				TARGETED_DEVICE_FAMILY = "1,2";
				TEST_HOST = "$(BUILT_PRODUCTS_DIR)/quantura_ios.app/$(BUNDLE_EXECUTABLE_FOLDER_PATH)/quantura_ios";
				XROS_DEPLOYMENT_TARGET = 26.2;
			};
			name = Release;
		};
		633A6A7D2F43B6D5000C732E /* Debug */ = {
			isa = XCBuildConfiguration;
			buildSettings = {
				CODE_SIGN_STYLE = Automatic;
				CURRENT_PROJECT_VERSION = 1;
				DEVELOPMENT_TEAM = UM38R5AP4F;
				GENERATE_INFOPLIST_FILE = YES;
				IPHONEOS_DEPLOYMENT_TARGET = 26.2;
				MARKETING_VERSION = 1.0;
				PRODUCT_BUNDLE_IDENTIFIER = "Tamzid-Ullah.quantura-iosUITests";
				PRODUCT_NAME = "$(TARGET_NAME)";
				SDKROOT = auto;
				STRING_CATALOG_GENERATE_SYMBOLS = NO;
				SUPPORTED_PLATFORMS = "iphoneos iphonesimulator";
				SWIFT_APPROACHABLE_CONCURRENCY = YES;
				SWIFT_EMIT_LOC_STRINGS = NO;
				SWIFT_UPCOMING_FEATURE_MEMBER_IMPORT_VISIBILITY = YES;
				SWIFT_VERSION = 5.0;
				TARGETED_DEVICE_FAMILY = "1,2";
				TEST_TARGET_NAME = quantura_ios;
				XROS_DEPLOYMENT_TARGET = 26.2;
			};
			name = Debug;
		};
		633A6A7E2F43B6D5000C732E /* Release */ = {
			isa = XCBuildConfiguration;
			buildSettings = {
				CODE_SIGN_STYLE = Automatic;
				CURRENT_PROJECT_VERSION = 1;
				DEVELOPMENT_TEAM = UM38R5AP4F;
				GENERATE_INFOPLIST_FILE = YES;
				IPHONEOS_DEPLOYMENT_TARGET = 26.2;
				MARKETING_VERSION = 1.0;
				PRODUCT_BUNDLE_IDENTIFIER = "Tamzid-Ullah.quantura-iosUITests";
				PRODUCT_NAME = "$(TARGET_NAME)";
				SDKROOT = auto;
				STRING_CATALOG_GENERATE_SYMBOLS = NO;
				SUPPORTED_PLATFORMS = "iphoneos iphonesimulator";
				SWIFT_APPROACHABLE_CONCURRENCY = YES;
				SWIFT_EMIT_LOC_STRINGS = NO;
				SWIFT_UPCOMING_FEATURE_MEMBER_IMPORT_VISIBILITY = YES;
				SWIFT_VERSION = 5.0;
				TARGETED_DEVICE_FAMILY = "1,2";
				TEST_TARGET_NAME = quantura_ios;
				XROS_DEPLOYMENT_TARGET = 26.2;
			};
			name = Release;
		};
/* End XCBuildConfiguration section */

/* Begin XCConfigurationList section */
		633A6A502F43B6D3000C732E /* Build configuration list for PBXProject "quantura_ios" */ = {
			isa = XCConfigurationList;
			buildConfigurations = (
				633A6A742F43B6D5000C732E /* Debug */,
				633A6A752F43B6D5000C732E /* Release */,
			);
			defaultConfigurationIsVisible = 0;
			defaultConfigurationName = Release;
		};
		633A6A762F43B6D5000C732E /* Build configuration list for PBXNativeTarget "quantura_ios" */ = {
			isa = XCConfigurationList;
			buildConfigurations = (
				633A6A772F43B6D5000C732E /* Debug */,
				633A6A782F43B6D5000C732E /* Release */,
			);
			defaultConfigurationIsVisible = 0;
			defaultConfigurationName = Release;
		};
		633A6A792F43B6D5000C732E /* Build configuration list for PBXNativeTarget "quantura_iosTests" */ = {
			isa = XCConfigurationList;
			buildConfigurations = (
				633A6A7A2F43B6D5000C732E /* Debug */,
				633A6A7B2F43B6D5000C732E /* Release */,
			);
			defaultConfigurationIsVisible = 0;
			defaultConfigurationName = Release;
		};
		633A6A7C2F43B6D5000C732E /* Build configuration list for PBXNativeTarget "quantura_iosUITests" */ = {
			isa = XCConfigurationList;
			buildConfigurations = (
				633A6A7D2F43B6D5000C732E /* Debug */,
				633A6A7E2F43B6D5000C732E /* Release */,
			);
			defaultConfigurationIsVisible = 0;
			defaultConfigurationName = Release;
		};
/* End XCConfigurationList section */

/* Begin XCRemoteSwiftPackageReference section */
		6326A46D2F4BBFE1008B03A8 /* XCRemoteSwiftPackageReference "swift-package-manager-google-mobile-ads" */ = {
			isa = XCRemoteSwiftPackageReference;
			repositoryURL = "https://github.com/googleads/swift-package-manager-google-mobile-ads.git";
			requirement = {
				kind = upToNextMajorVersion;
				minimumVersion = 13.0.0;
			};
		};
		63E433E32F4A697500DF5687 /* XCRemoteSwiftPackageReference "firebase-ios-sdk" */ = {
			isa = XCRemoteSwiftPackageReference;
			repositoryURL = "https://github.com/firebase/firebase-ios-sdk.git";
			requirement = {
				kind = upToNextMajorVersion;
				minimumVersion = 12.9.0;
			};
		};
		63E4F8ED2F4D23C600FF7DD8 /* XCRemoteSwiftPackageReference "GoogleSignIn-iOS" */ = {
			isa = XCRemoteSwiftPackageReference;
			repositoryURL = "https://github.com/google/GoogleSignIn-iOS";
			requirement = {
				kind = upToNextMajorVersion;
				minimumVersion = 9.1.0;
			};
		};
/* End XCRemoteSwiftPackageReference section */

/* Begin XCSwiftPackageProductDependency section */
		6326A46E2F4BBFE1008B03A8 /* GoogleMobileAds */ = {
			isa = XCSwiftPackageProductDependency;
			package = 6326A46D2F4BBFE1008B03A8 /* XCRemoteSwiftPackageReference "swift-package-manager-google-mobile-ads" */;
			productName = GoogleMobileAds;
		};
		63E433E42F4A697500DF5687 /* FirebaseAI */ = {
			isa = XCSwiftPackageProductDependency;
			package = 63E433E32F4A697500DF5687 /* XCRemoteSwiftPackageReference "firebase-ios-sdk" */;
			productName = FirebaseAI;
		};
		63E433E62F4A697500DF5687 /* FirebaseAILogic */ = {
			isa = XCSwiftPackageProductDependency;
			package = 63E433E32F4A697500DF5687 /* XCRemoteSwiftPackageReference "firebase-ios-sdk" */;
			productName = FirebaseAILogic;
		};
		63E433E82F4A697500DF5687 /* FirebaseAnalytics */ = {
			isa = XCSwiftPackageProductDependency;
			package = 63E433E32F4A697500DF5687 /* XCRemoteSwiftPackageReference "firebase-ios-sdk" */;
			productName = FirebaseAnalytics;
		};
		63E433EA2F4A697500DF5687 /* FirebaseAnalyticsCore */ = {
			isa = XCSwiftPackageProductDependency;
			package = 63E433E32F4A697500DF5687 /* XCRemoteSwiftPackageReference "firebase-ios-sdk" */;
			productName = FirebaseAnalyticsCore;
		};
		63E433EC2F4A697500DF5687 /* FirebaseAnalyticsIdentitySupport */ = {
			isa = XCSwiftPackageProductDependency;
			package = 63E433E32F4A697500DF5687 /* XCRemoteSwiftPackageReference "firebase-ios-sdk" */;
			productName = FirebaseAnalyticsIdentitySupport;
		};
		63E433EE2F4A697500DF5687 /* FirebaseAppCheck */ = {
			isa = XCSwiftPackageProductDependency;
			package = 63E433E32F4A697500DF5687 /* XCRemoteSwiftPackageReference "firebase-ios-sdk" */;
			productName = FirebaseAppCheck;
		};
		63E433F02F4A697500DF5687 /* FirebaseAppDistribution-Beta */ = {
			isa = XCSwiftPackageProductDependency;
			package = 63E433E32F4A697500DF5687 /* XCRemoteSwiftPackageReference "firebase-ios-sdk" */;
			productName = "FirebaseAppDistribution-Beta";
		};
		63E433F22F4A697500DF5687 /* FirebaseAuth */ = {
			isa = XCSwiftPackageProductDependency;
			package = 63E433E32F4A697500DF5687 /* XCRemoteSwiftPackageReference "firebase-ios-sdk" */;
			productName = FirebaseAuth;
		};
		63E433F42F4A697500DF5687 /* FirebaseAuthCombine-Community */ = {
			isa = XCSwiftPackageProductDependency;
			package = 63E433E32F4A697500DF5687 /* XCRemoteSwiftPackageReference "firebase-ios-sdk" */;
			productName = "FirebaseAuthCombine-Community";
		};
		63E433F62F4A697500DF5687 /* FirebaseCore */ = {
			isa = XCSwiftPackageProductDependency;
			package = 63E433E32F4A697500DF5687 /* XCRemoteSwiftPackageReference "firebase-ios-sdk" */;
			productName = FirebaseCore;
		};
		63E433F82F4A697500DF5687 /* FirebaseCrashlytics */ = {
			isa = XCSwiftPackageProductDependency;
			package = 63E433E32F4A697500DF5687 /* XCRemoteSwiftPackageReference "firebase-ios-sdk" */;
			productName = FirebaseCrashlytics;
		};
		63E433FA2F4A697500DF5687 /* FirebaseDatabase */ = {
			isa = XCSwiftPackageProductDependency;
			package = 63E433E32F4A697500DF5687 /* XCRemoteSwiftPackageReference "firebase-ios-sdk" */;
			productName = FirebaseDatabase;
		};
		63E433FC2F4A697500DF5687 /* FirebaseFirestore */ = {
			isa = XCSwiftPackageProductDependency;
			package = 63E433E32F4A697500DF5687 /* XCRemoteSwiftPackageReference "firebase-ios-sdk" */;
			productName = FirebaseFirestore;
		};
		63E433FE2F4A697500DF5687 /* FirebaseFirestoreCombine-Community */ = {
			isa = XCSwiftPackageProductDependency;
			package = 63E433E32F4A697500DF5687 /* XCRemoteSwiftPackageReference "firebase-ios-sdk" */;
			productName = "FirebaseFirestoreCombine-Community";
		};
		63E434002F4A697500DF5687 /* FirebaseFunctions */ = {
			isa = XCSwiftPackageProductDependency;
			package = 63E433E32F4A697500DF5687 /* XCRemoteSwiftPackageReference "firebase-ios-sdk" */;
			productName = FirebaseFunctions;
		};
		63E434022F4A697500DF5687 /* FirebaseFunctionsCombine-Community */ = {
			isa = XCSwiftPackageProductDependency;
			package = 63E433E32F4A697500DF5687 /* XCRemoteSwiftPackageReference "firebase-ios-sdk" */;
			productName = "FirebaseFunctionsCombine-Community";
		};
		63E434042F4A697500DF5687 /* FirebaseInAppMessaging-Beta */ = {
			isa = XCSwiftPackageProductDependency;
			package = 63E433E32F4A697500DF5687 /* XCRemoteSwiftPackageReference "firebase-ios-sdk" */;
			productName = "FirebaseInAppMessaging-Beta";
		};
		63E434062F4A697500DF5687 /* FirebaseInstallations */ = {
			isa = XCSwiftPackageProductDependency;
			package = 63E433E32F4A697500DF5687 /* XCRemoteSwiftPackageReference "firebase-ios-sdk" */;
			productName = FirebaseInstallations;
		};
		63E434082F4A697500DF5687 /* FirebaseMLModelDownloader */ = {
			isa = XCSwiftPackageProductDependency;
			package = 63E433E32F4A697500DF5687 /* XCRemoteSwiftPackageReference "firebase-ios-sdk" */;
			productName = FirebaseMLModelDownloader;
		};
		63E4340A2F4A697500DF5687 /* FirebaseMessaging */ = {
			isa = XCSwiftPackageProductDependency;
			package = 63E433E32F4A697500DF5687 /* XCRemoteSwiftPackageReference "firebase-ios-sdk" */;
			productName = FirebaseMessaging;
		};
		63E4340C2F4A697500DF5687 /* FirebasePerformance */ = {
			isa = XCSwiftPackageProductDependency;
			package = 63E433E32F4A697500DF5687 /* XCRemoteSwiftPackageReference "firebase-ios-sdk" */;
			productName = FirebasePerformance;
		};
		63E4340E2F4A697500DF5687 /* FirebaseRemoteConfig */ = {
			isa = XCSwiftPackageProductDependency;
			package = 63E433E32F4A697500DF5687 /* XCRemoteSwiftPackageReference "firebase-ios-sdk" */;
			productName = FirebaseRemoteConfig;
		};
		63E434102F4A697500DF5687 /* FirebaseStorage */ = {
			isa = XCSwiftPackageProductDependency;
			package = 63E433E32F4A697500DF5687 /* XCRemoteSwiftPackageReference "firebase-ios-sdk" */;
			productName = FirebaseStorage;
		};
		63E434122F4A697500DF5687 /* FirebaseStorageCombine-Community */ = {
			isa = XCSwiftPackageProductDependency;
			package = 63E433E32F4A697500DF5687 /* XCRemoteSwiftPackageReference "firebase-ios-sdk" */;
			productName = "FirebaseStorageCombine-Community";
		};
		63E4F8EE2F4D23C600FF7DD8 /* GoogleSignIn */ = {
			isa = XCSwiftPackageProductDependency;
			package = 63E4F8ED2F4D23C600FF7DD8 /* XCRemoteSwiftPackageReference "GoogleSignIn-iOS" */;
			productName = GoogleSignIn;
		};
		63E4F8F02F4D23C600FF7DD8 /* GoogleSignInSwift */ = {
			isa = XCSwiftPackageProductDependency;
			package = 63E4F8ED2F4D23C600FF7DD8 /* XCRemoteSwiftPackageReference "GoogleSignIn-iOS" */;
			productName = GoogleSignInSwift;
		};
/* End XCSwiftPackageProductDependency section */
	};
	rootObject = 633A6A4D2F43B6D3000C732E /* Project object */;
}
